// !$*UTF8*$!
{
	archiveVersion = 1;
	classes = {
	};
	objectVersion = 46;
	objects = {

/* Begin PBXBuildFile section */
		5047FA4D1DA7E23000123AC6 /* GoogleService-Info.plist in Resources */ = {isa = PBXBuildFile; fileRef = 5047FA4C1DA7E23000123AC6 /* GoogleService-Info.plist */; };
		505C89411BED9F9F00F905A1 /* GameViewController.swift in Sources */ = {isa = PBXBuildFile; fileRef = 505C89401BED9F9F00F905A1 /* GameViewController.swift */; };
		505C89431BEDA6C500F905A1 /* MoviePreViewController.swift in Sources */ = {isa = PBXBuildFile; fileRef = 505C89421BEDA6C500F905A1 /* MoviePreViewController.swift */; };
		505C89451BEDB5E000F905A1 /* Expansion.xib in Resources */ = {isa = PBXBuildFile; fileRef = 505C89441BEDB5E000F905A1 /* Expansion.xib */; };
		505C89471BEDBB5200F905A1 /* GameCenter.swift in Sources */ = {isa = PBXBuildFile; fileRef = 505C89461BEDBB5200F905A1 /* GameCenter.swift */; };
		505C89491BEDBFD800F905A1 /* Expansion.swift in Sources */ = {isa = PBXBuildFile; fileRef = 505C89481BEDBFD800F905A1 /* Expansion.swift */; };
		50D99C321DAA214D00D8A3E4 /* Bolts.framework in Frameworks */ = {isa = PBXBuildFile; fileRef = 50D99C311DAA214D00D8A3E4 /* Bolts.framework */; };
		50DF931D1CA5807300DE7CBE /* bike.mp3 in Resources */ = {isa = PBXBuildFile; fileRef = 50DF931C1CA5807300DE7CBE /* bike.mp3 */; };
		50DF93211CA5821000DE7CBE /* car.mp3 in Resources */ = {isa = PBXBuildFile; fileRef = 50DF931E1CA5821000DE7CBE /* car.mp3 */; };
		50DF93221CA5821000DE7CBE /* patrol.mp3 in Resources */ = {isa = PBXBuildFile; fileRef = 50DF931F1CA5821000DE7CBE /* patrol.mp3 */; };
		50DF93231CA5821000DE7CBE /* siren.mp3 in Resources */ = {isa = PBXBuildFile; fileRef = 50DF93201CA5821000DE7CBE /* siren.mp3 */; };
		50DF93251CA5822D00DE7CBE /* bicycle.mp3 in Resources */ = {isa = PBXBuildFile; fileRef = 50DF93241CA5822D00DE7CBE /* bicycle.mp3 */; };
		50E176F31BE3CA4A009CA822 /* AppDelegate.swift in Sources */ = {isa = PBXBuildFile; fileRef = 50E176F21BE3CA4A009CA822 /* AppDelegate.swift */; };
		50E176F51BE3CA4A009CA822 /* ViewController.swift in Sources */ = {isa = PBXBuildFile; fileRef = 50E176F41BE3CA4A009CA822 /* ViewController.swift */; };
		50E176F81BE3CA4A009CA822 /* Main.storyboard in Resources */ = {isa = PBXBuildFile; fileRef = 50E176F61BE3CA4A009CA822 /* Main.storyboard */; };
		50E176FA1BE3CA4A009CA822 /* Assets.xcassets in Resources */ = {isa = PBXBuildFile; fileRef = 50E176F91BE3CA4A009CA822 /* Assets.xcassets */; };
		50E177081BE3CA4A009CA822 /* babyCameTests.swift in Sources */ = {isa = PBXBuildFile; fileRef = 50E177071BE3CA4A009CA822 /* babyCameTests.swift */; };
		50E177131BE3CA4A009CA822 /* babyCameUITests.swift in Sources */ = {isa = PBXBuildFile; fileRef = 50E177121BE3CA4A009CA822 /* babyCameUITests.swift */; };
		50E177241BE474E7009CA822 /* GameScreenShotCollectionViewCell.swift in Sources */ = {isa = PBXBuildFile; fileRef = 50E177231BE474E7009CA822 /* GameScreenShotCollectionViewCell.swift */; };
		50E1772A1BE4A8D2009CA822 /* GamePreViewController.swift in Sources */ = {isa = PBXBuildFile; fileRef = 50E177291BE4A8D2009CA822 /* GamePreViewController.swift */; };
		50F7F0E41CA49BC40022F0CE /* IPParticle.sks in Resources */ = {isa = PBXBuildFile; fileRef = 50F7F0E21CA49BC40022F0CE /* IPParticle.sks */; };
		50F7F0E51CA49BC40022F0CE /* spark.png in Resources */ = {isa = PBXBuildFile; fileRef = 50F7F0E31CA49BC40022F0CE /* spark.png */; };
		50F7F0E71CA4A0EF0022F0CE /* ParticleScene.swift in Sources */ = {isa = PBXBuildFile; fileRef = 50F7F0E61CA4A0EF0022F0CE /* ParticleScene.swift */; };
		50F81AA51DA8696D0068B467 /* Localizable.strings in Resources */ = {isa = PBXBuildFile; fileRef = 50F81AA71DA8696D0068B467 /* Localizable.strings */; };
		EA084BBF21BFAAA7003A4B0B /* SettingViewController.swift in Sources */ = {isa = PBXBuildFile; fileRef = EA084BBE21BFAAA7003A4B0B /* SettingViewController.swift */; };
		EA084BC121BFAF1E003A4B0B /* Preferences.swift in Sources */ = {isa = PBXBuildFile; fileRef = EA084BC021BFAF1E003A4B0B /* Preferences.swift */; };
		EA4A5EB81FA08380004E33AC /* AdSupport.framework in Frameworks */ = {isa = PBXBuildFile; fileRef = EA4A5EB71FA08373004E33AC /* AdSupport.framework */; };
		EA4A5EBA1FA08391004E33AC /* AudioToolbox.framework in Frameworks */ = {isa = PBXBuildFile; fileRef = EA4A5EB91FA0838A004E33AC /* AudioToolbox.framework */; };
		EA4A5EBC1FA083A1004E33AC /* CoreGraphics.framework in Frameworks */ = {isa = PBXBuildFile; fileRef = EA4A5EBB1FA0839C004E33AC /* CoreGraphics.framework */; };
		EA4A5EBE1FA083AE004E33AC /* CoreMedia.framework in Frameworks */ = {isa = PBXBuildFile; fileRef = EA4A5EBD1FA083A9004E33AC /* CoreMedia.framework */; };
		EA4A5EC01FA083BC004E33AC /* CoreTelephony.framework in Frameworks */ = {isa = PBXBuildFile; fileRef = EA4A5EBF1FA083B7004E33AC /* CoreTelephony.framework */; };
		EA4A5EC21FA083CB004E33AC /* EventKit.framework in Frameworks */ = {isa = PBXBuildFile; fileRef = EA4A5EC11FA083C6004E33AC /* EventKit.framework */; };
		EA4A5EC41FA083D7004E33AC /* EventKitUI.framework in Frameworks */ = {isa = PBXBuildFile; fileRef = EA4A5EC31FA083D3004E33AC /* EventKitUI.framework */; };
		EA4A5EC81FA083F6004E33AC /* MessageUI.framework in Frameworks */ = {isa = PBXBuildFile; fileRef = EA4A5EC71FA083F2004E33AC /* MessageUI.framework */; };
		EA4A5ECA1FA08402004E33AC /* StoreKit.framework in Frameworks */ = {isa = PBXBuildFile; fileRef = EA4A5EC91FA083FE004E33AC /* StoreKit.framework */; };
		EA4A5ECC1FA0840D004E33AC /* SystemConfiguration.framework in Frameworks */ = {isa = PBXBuildFile; fileRef = EA4A5ECB1FA0840A004E33AC /* SystemConfiguration.framework */; };
		EA4A5ED01FA084FE004E33AC /* GoogleMobileAds.framework in Frameworks */ = {isa = PBXBuildFile; fileRef = EA4A5ECF1FA084FE004E33AC /* GoogleMobileAds.framework */; };
		EA82BF161CA3B95A001C7799 /* LaunchScreen.storyboard in Resources */ = {isa = PBXBuildFile; fileRef = EA82BF141CA3B95A001C7799 /* LaunchScreen.storyboard */; };
		EA82BF1E1CA3C010001C7799 /* bubble.mp3 in Resources */ = {isa = PBXBuildFile; fileRef = EA82BF1D1CA3C010001C7799 /* bubble.mp3 */; };
		EA82BF201CA3C0A1001C7799 /* fireworks.mp3 in Resources */ = {isa = PBXBuildFile; fileRef = EA82BF1F1CA3C0A1001C7799 /* fireworks.mp3 */; };
		EA82BF261CA3C126001C7799 /* cat.mp3 in Resources */ = {isa = PBXBuildFile; fileRef = EA82BF211CA3C126001C7799 /* cat.mp3 */; };
		EA82BF271CA3C126001C7799 /* chicken.mp3 in Resources */ = {isa = PBXBuildFile; fileRef = EA82BF221CA3C126001C7799 /* chicken.mp3 */; };
		EA82BF281CA3C126001C7799 /* dog.mp3 in Resources */ = {isa = PBXBuildFile; fileRef = EA82BF231CA3C126001C7799 /* dog.mp3 */; };
		EA82BF291CA3C126001C7799 /* elephant.mp3 in Resources */ = {isa = PBXBuildFile; fileRef = EA82BF241CA3C126001C7799 /* elephant.mp3 */; };
		EA82BF2A1CA3C126001C7799 /* goat.mp3 in Resources */ = {isa = PBXBuildFile; fileRef = EA82BF251CA3C126001C7799 /* goat.mp3 */; };
		EA82BF411CA3C1FB001C7799 /* bass1.mp3 in Resources */ = {isa = PBXBuildFile; fileRef = EA82BF351CA3C1FB001C7799 /* bass1.mp3 */; };
		EA82BF421CA3C1FB001C7799 /* bass2.mp3 in Resources */ = {isa = PBXBuildFile; fileRef = EA82BF361CA3C1FB001C7799 /* bass2.mp3 */; };
		EA82BF431CA3C1FB001C7799 /* bass3.mp3 in Resources */ = {isa = PBXBuildFile; fileRef = EA82BF371CA3C1FB001C7799 /* bass3.mp3 */; };
		EA82BF441CA3C1FB001C7799 /* cymbal.mp3 in Resources */ = {isa = PBXBuildFile; fileRef = EA82BF381CA3C1FB001C7799 /* cymbal.mp3 */; };
		EA82BF451CA3C1FB001C7799 /* snare.mp3 in Resources */ = {isa = PBXBuildFile; fileRef = EA82BF391CA3C1FB001C7799 /* snare.mp3 */; };
		EA82BF461CA3C1FB001C7799 /* tom.mp3 in Resources */ = {isa = PBXBuildFile; fileRef = EA82BF3A1CA3C1FB001C7799 /* tom.mp3 */; };
		EA82BF471CA3C1FB001C7799 /* guitar1.mp3 in Resources */ = {isa = PBXBuildFile; fileRef = EA82BF3B1CA3C1FB001C7799 /* guitar1.mp3 */; };
		EA82BF481CA3C1FB001C7799 /* guitar2.mp3 in Resources */ = {isa = PBXBuildFile; fileRef = EA82BF3C1CA3C1FB001C7799 /* guitar2.mp3 */; };
		EA82BF491CA3C1FB001C7799 /* guitar3.mp3 in Resources */ = {isa = PBXBuildFile; fileRef = EA82BF3D1CA3C1FB001C7799 /* guitar3.mp3 */; };
		EA82BF4A1CA3C1FB001C7799 /* piano1.mp3 in Resources */ = {isa = PBXBuildFile; fileRef = EA82BF3E1CA3C1FB001C7799 /* piano1.mp3 */; };
		EA82BF4B1CA3C1FB001C7799 /* piano2.mp3 in Resources */ = {isa = PBXBuildFile; fileRef = EA82BF3F1CA3C1FB001C7799 /* piano2.mp3 */; };
		EA82BF4C1CA3C1FB001C7799 /* piano3.mp3 in Resources */ = {isa = PBXBuildFile; fileRef = EA82BF401CA3C1FB001C7799 /* piano3.mp3 */; };
		EA93B2581BF1CC70003BE7D8 /* AVFoundation.framework in Frameworks */ = {isa = PBXBuildFile; fileRef = EA93B2571BF1CC70003BE7D8 /* AVFoundation.framework */; };
		EA93B25A1BF1E346003BE7D8 /* AVPlayerView.swift in Sources */ = {isa = PBXBuildFile; fileRef = EA93B2591BF1E346003BE7D8 /* AVPlayerView.swift */; };
		EABB328E21C0D0520006F31C /* SwiftyCam.framework in Frameworks */ = {isa = PBXBuildFile; fileRef = EABB328D21C0D0520006F31C /* SwiftyCam.framework */; };
		EAC5F0691CA517260044B14E /* Playable.swift in Sources */ = {isa = PBXBuildFile; fileRef = EAC5F0681CA517250044B14E /* Playable.swift */; };
		EAD4FE4421C336120011B3D9 /* Info.plist.strings in Resources */ = {isa = PBXBuildFile; fileRef = EAD4FE4621C336120011B3D9 /* Info.plist.strings */; };
		EAFEDC101CA25AEF00E3B7D2 /* Rotation.xib in Resources */ = {isa = PBXBuildFile; fileRef = EAFEDC0F1CA25AEF00E3B7D2 /* Rotation.xib */; };
		EAFEDC121CA25B1700E3B7D2 /* Rotation.swift in Sources */ = {isa = PBXBuildFile; fileRef = EAFEDC111CA25B1700E3B7D2 /* Rotation.swift */; };
		EAFEDC141CA25B2D00E3B7D2 /* Particle.xib in Resources */ = {isa = PBXBuildFile; fileRef = EAFEDC131CA25B2D00E3B7D2 /* Particle.xib */; };
		EAFEDC161CA25B3A00E3B7D2 /* Particle.swift in Sources */ = {isa = PBXBuildFile; fileRef = EAFEDC151CA25B3A00E3B7D2 /* Particle.swift */; };
		EAFEDC181CA25B5400E3B7D2 /* Move.xib in Resources */ = {isa = PBXBuildFile; fileRef = EAFEDC171CA25B5400E3B7D2 /* Move.xib */; };
		EAFEDC1A1CA25B6500E3B7D2 /* Move.swift in Sources */ = {isa = PBXBuildFile; fileRef = EAFEDC191CA25B6500E3B7D2 /* Move.swift */; };
		EAFEDC1C1CA25B7500E3B7D2 /* Bubble.xib in Resources */ = {isa = PBXBuildFile; fileRef = EAFEDC1B1CA25B7500E3B7D2 /* Bubble.xib */; };
		EAFEDC1E1CA25B8200E3B7D2 /* Bubble.swift in Sources */ = {isa = PBXBuildFile; fileRef = EAFEDC1D1CA25B8200E3B7D2 /* Bubble.swift */; };
		EAFEDC201CA25B8E00E3B7D2 /* Sound.xib in Resources */ = {isa = PBXBuildFile; fileRef = EAFEDC1F1CA25B8E00E3B7D2 /* Sound.xib */; };
		EAFEDC221CA25B9A00E3B7D2 /* Sound.swift in Sources */ = {isa = PBXBuildFile; fileRef = EAFEDC211CA25B9A00E3B7D2 /* Sound.swift */; };
/* End PBXBuildFile section */

/* Begin PBXContainerItemProxy section */
		50E177041BE3CA4A009CA822 /* PBXContainerItemProxy */ = {
			isa = PBXContainerItemProxy;
			containerPortal = 50E176E71BE3CA4A009CA822 /* Project object */;
			proxyType = 1;
			remoteGlobalIDString = 50E176EE1BE3CA4A009CA822;
			remoteInfo = babyCame;
		};
		50E1770F1BE3CA4A009CA822 /* PBXContainerItemProxy */ = {
			isa = PBXContainerItemProxy;
			containerPortal = 50E176E71BE3CA4A009CA822 /* Project object */;
			proxyType = 1;
			remoteGlobalIDString = 50E176EE1BE3CA4A009CA822;
			remoteInfo = babyCame;
		};
/* End PBXContainerItemProxy section */

/* Begin PBXFileReference section */
		5047FA4C1DA7E23000123AC6 /* GoogleService-Info.plist */ = {isa = PBXFileReference; fileEncoding = 4; lastKnownFileType = text.plist.xml; path = "GoogleService-Info.plist"; sourceTree = "<group>"; };
		505C89401BED9F9F00F905A1 /* GameViewController.swift */ = {isa = PBXFileReference; fileEncoding = 4; lastKnownFileType = sourcecode.swift; path = GameViewController.swift; sourceTree = "<group>"; };
		505C89421BEDA6C500F905A1 /* MoviePreViewController.swift */ = {isa = PBXFileReference; fileEncoding = 4; lastKnownFileType = sourcecode.swift; path = MoviePreViewController.swift; sourceTree = "<group>"; };
		505C89441BEDB5E000F905A1 /* Expansion.xib */ = {isa = PBXFileReference; fileEncoding = 4; lastKnownFileType = file.xib; path = Expansion.xib; sourceTree = "<group>"; };
		505C89461BEDBB5200F905A1 /* GameCenter.swift */ = {isa = PBXFileReference; fileEncoding = 4; lastKnownFileType = sourcecode.swift; path = GameCenter.swift; sourceTree = "<group>"; };
		505C89481BEDBFD800F905A1 /* Expansion.swift */ = {isa = PBXFileReference; fileEncoding = 4; lastKnownFileType = sourcecode.swift; path = Expansion.swift; sourceTree = "<group>"; };
		50D99C311DAA214D00D8A3E4 /* Bolts.framework */ = {isa = PBXFileReference; lastKnownFileType = wrapper.framework; path = Bolts.framework; sourceTree = "<group>"; };
		50DF931C1CA5807300DE7CBE /* bike.mp3 */ = {isa = PBXFileReference; lastKnownFileType = audio.mp3; path = bike.mp3; sourceTree = "<group>"; };
		50DF931E1CA5821000DE7CBE /* car.mp3 */ = {isa = PBXFileReference; lastKnownFileType = audio.mp3; path = car.mp3; sourceTree = "<group>"; };
		50DF931F1CA5821000DE7CBE /* patrol.mp3 */ = {isa = PBXFileReference; lastKnownFileType = audio.mp3; path = patrol.mp3; sourceTree = "<group>"; };
		50DF93201CA5821000DE7CBE /* siren.mp3 */ = {isa = PBXFileReference; lastKnownFileType = audio.mp3; path = siren.mp3; sourceTree = "<group>"; };
		50DF93241CA5822D00DE7CBE /* bicycle.mp3 */ = {isa = PBXFileReference; lastKnownFileType = audio.mp3; path = bicycle.mp3; sourceTree = "<group>"; };
		50E176EF1BE3CA4A009CA822 /* babyCame.app */ = {isa = PBXFileReference; explicitFileType = wrapper.application; includeInIndex = 0; path = babyCame.app; sourceTree = BUILT_PRODUCTS_DIR; };
		50E176F21BE3CA4A009CA822 /* AppDelegate.swift */ = {isa = PBXFileReference; lastKnownFileType = sourcecode.swift; path = AppDelegate.swift; sourceTree = "<group>"; };
		50E176F41BE3CA4A009CA822 /* ViewController.swift */ = {isa = PBXFileReference; lastKnownFileType = sourcecode.swift; path = ViewController.swift; sourceTree = "<group>"; };
		50E176F71BE3CA4A009CA822 /* Base */ = {isa = PBXFileReference; lastKnownFileType = file.storyboard; name = Base; path = Base.lproj/Main.storyboard; sourceTree = "<group>"; };
		50E176F91BE3CA4A009CA822 /* Assets.xcassets */ = {isa = PBXFileReference; lastKnownFileType = folder.assetcatalog; path = Assets.xcassets; sourceTree = "<group>"; };
		50E176FE1BE3CA4A009CA822 /* Info.plist */ = {isa = PBXFileReference; lastKnownFileType = text.plist.xml; path = Info.plist; sourceTree = "<group>"; };
		50E177031BE3CA4A009CA822 /* babyCameTests.xctest */ = {isa = PBXFileReference; explicitFileType = wrapper.cfbundle; includeInIndex = 0; path = babyCameTests.xctest; sourceTree = BUILT_PRODUCTS_DIR; };
		50E177071BE3CA4A009CA822 /* babyCameTests.swift */ = {isa = PBXFileReference; lastKnownFileType = sourcecode.swift; path = babyCameTests.swift; sourceTree = "<group>"; };
		50E177091BE3CA4A009CA822 /* Info.plist */ = {isa = PBXFileReference; lastKnownFileType = text.plist.xml; path = Info.plist; sourceTree = "<group>"; };
		50E1770E1BE3CA4A009CA822 /* babyCameUITests.xctest */ = {isa = PBXFileReference; explicitFileType = wrapper.cfbundle; includeInIndex = 0; path = babyCameUITests.xctest; sourceTree = BUILT_PRODUCTS_DIR; };
		50E177121BE3CA4A009CA822 /* babyCameUITests.swift */ = {isa = PBXFileReference; lastKnownFileType = sourcecode.swift; path = babyCameUITests.swift; sourceTree = "<group>"; };
		50E177141BE3CA4A009CA822 /* Info.plist */ = {isa = PBXFileReference; lastKnownFileType = text.plist.xml; path = Info.plist; sourceTree = "<group>"; };
		50E177231BE474E7009CA822 /* GameScreenShotCollectionViewCell.swift */ = {isa = PBXFileReference; fileEncoding = 4; lastKnownFileType = sourcecode.swift; path = GameScreenShotCollectionViewCell.swift; sourceTree = "<group>"; };
		50E177291BE4A8D2009CA822 /* GamePreViewController.swift */ = {isa = PBXFileReference; fileEncoding = 4; lastKnownFileType = sourcecode.swift; path = GamePreViewController.swift; sourceTree = "<group>"; };
		50E46D3C1DA8879F001E32B3 /* en */ = {isa = PBXFileReference; lastKnownFileType = text.plist.strings; name = en; path = en.lproj/Main.strings; sourceTree = "<group>"; };
		50E46D3D1DA8B638001E32B3 /* ja */ = {isa = PBXFileReference; lastKnownFileType = text.plist.strings; name = ja; path = ja.lproj/Main.strings; sourceTree = "<group>"; };
		50E46D3E1DA8B638001E32B3 /* ja */ = {isa = PBXFileReference; lastKnownFileType = text.plist.strings; name = ja; path = ja.lproj/LaunchScreen.strings; sourceTree = "<group>"; };
		50E46D3F1DA8B638001E32B3 /* ja */ = {isa = PBXFileReference; lastKnownFileType = text.plist.strings; name = ja; path = ja.lproj/Localizable.strings; sourceTree = "<group>"; };
		50F7F0E21CA49BC40022F0CE /* IPParticle.sks */ = {isa = PBXFileReference; lastKnownFileType = file.sks; path = IPParticle.sks; sourceTree = "<group>"; };
		50F7F0E31CA49BC40022F0CE /* spark.png */ = {isa = PBXFileReference; lastKnownFileType = image.png; path = spark.png; sourceTree = "<group>"; };
		50F7F0E61CA4A0EF0022F0CE /* ParticleScene.swift */ = {isa = PBXFileReference; fileEncoding = 4; lastKnownFileType = sourcecode.swift; path = ParticleScene.swift; sourceTree = "<group>"; };
		50F81AA61DA8696D0068B467 /* Base */ = {isa = PBXFileReference; lastKnownFileType = text.plist.strings; name = Base; path = Base.lproj/Localizable.strings; sourceTree = "<group>"; };
		50F81AAA1DA86A960068B467 /* en */ = {isa = PBXFileReference; lastKnownFileType = text.plist.strings; name = en; path = en.lproj/Localizable.strings; sourceTree = "<group>"; };
		EA084BBE21BFAAA7003A4B0B /* SettingViewController.swift */ = {isa = PBXFileReference; lastKnownFileType = sourcecode.swift; path = SettingViewController.swift; sourceTree = "<group>"; };
		EA084BC021BFAF1E003A4B0B /* Preferences.swift */ = {isa = PBXFileReference; lastKnownFileType = sourcecode.swift; path = Preferences.swift; sourceTree = "<group>"; };
		EA4A5EB71FA08373004E33AC /* AdSupport.framework */ = {isa = PBXFileReference; lastKnownFileType = wrapper.framework; name = AdSupport.framework; path = System/Library/Frameworks/AdSupport.framework; sourceTree = SDKROOT; };
		EA4A5EB91FA0838A004E33AC /* AudioToolbox.framework */ = {isa = PBXFileReference; lastKnownFileType = wrapper.framework; name = AudioToolbox.framework; path = System/Library/Frameworks/AudioToolbox.framework; sourceTree = SDKROOT; };
		EA4A5EBB1FA0839C004E33AC /* CoreGraphics.framework */ = {isa = PBXFileReference; lastKnownFileType = wrapper.framework; name = CoreGraphics.framework; path = System/Library/Frameworks/CoreGraphics.framework; sourceTree = SDKROOT; };
		EA4A5EBD1FA083A9004E33AC /* CoreMedia.framework */ = {isa = PBXFileReference; lastKnownFileType = wrapper.framework; name = CoreMedia.framework; path = System/Library/Frameworks/CoreMedia.framework; sourceTree = SDKROOT; };
		EA4A5EBF1FA083B7004E33AC /* CoreTelephony.framework */ = {isa = PBXFileReference; lastKnownFileType = wrapper.framework; name = CoreTelephony.framework; path = System/Library/Frameworks/CoreTelephony.framework; sourceTree = SDKROOT; };
		EA4A5EC11FA083C6004E33AC /* EventKit.framework */ = {isa = PBXFileReference; lastKnownFileType = wrapper.framework; name = EventKit.framework; path = System/Library/Frameworks/EventKit.framework; sourceTree = SDKROOT; };
		EA4A5EC31FA083D3004E33AC /* EventKitUI.framework */ = {isa = PBXFileReference; lastKnownFileType = wrapper.framework; name = EventKitUI.framework; path = System/Library/Frameworks/EventKitUI.framework; sourceTree = SDKROOT; };
		EA4A5EC51FA083E1004E33AC /* Messages.framework */ = {isa = PBXFileReference; lastKnownFileType = wrapper.framework; name = Messages.framework; path = System/Library/Frameworks/Messages.framework; sourceTree = SDKROOT; };
		EA4A5EC71FA083F2004E33AC /* MessageUI.framework */ = {isa = PBXFileReference; lastKnownFileType = wrapper.framework; name = MessageUI.framework; path = System/Library/Frameworks/MessageUI.framework; sourceTree = SDKROOT; };
		EA4A5EC91FA083FE004E33AC /* StoreKit.framework */ = {isa = PBXFileReference; lastKnownFileType = wrapper.framework; name = StoreKit.framework; path = System/Library/Frameworks/StoreKit.framework; sourceTree = SDKROOT; };
		EA4A5ECB1FA0840A004E33AC /* SystemConfiguration.framework */ = {isa = PBXFileReference; lastKnownFileType = wrapper.framework; name = SystemConfiguration.framework; path = System/Library/Frameworks/SystemConfiguration.framework; sourceTree = SDKROOT; };
		EA4A5ECD1FA0842B004E33AC /* GoogleMobileAds.framework */ = {isa = PBXFileReference; lastKnownFileType = wrapper.framework; name = GoogleMobileAds.framework; path = "../../Downloads/GoogleMobileAdsSdkiOS-7.24.1/GoogleMobileAds.framework"; sourceTree = "<group>"; };
		EA4A5ECF1FA084FE004E33AC /* GoogleMobileAds.framework */ = {isa = PBXFileReference; lastKnownFileType = wrapper.framework; path = GoogleMobileAds.framework; sourceTree = "<group>"; };
		EA82BF151CA3B95A001C7799 /* Base */ = {isa = PBXFileReference; lastKnownFileType = file.storyboard; name = Base; path = Base.lproj/LaunchScreen.storyboard; sourceTree = "<group>"; };
		EA82BF1D1CA3C010001C7799 /* bubble.mp3 */ = {isa = PBXFileReference; lastKnownFileType = audio.mp3; path = bubble.mp3; sourceTree = "<group>"; };
		EA82BF1F1CA3C0A1001C7799 /* fireworks.mp3 */ = {isa = PBXFileReference; lastKnownFileType = audio.mp3; path = fireworks.mp3; sourceTree = "<group>"; };
		EA82BF211CA3C126001C7799 /* cat.mp3 */ = {isa = PBXFileReference; lastKnownFileType = audio.mp3; path = cat.mp3; sourceTree = "<group>"; };
		EA82BF221CA3C126001C7799 /* chicken.mp3 */ = {isa = PBXFileReference; lastKnownFileType = audio.mp3; path = chicken.mp3; sourceTree = "<group>"; };
		EA82BF231CA3C126001C7799 /* dog.mp3 */ = {isa = PBXFileReference; lastKnownFileType = audio.mp3; path = dog.mp3; sourceTree = "<group>"; };
		EA82BF241CA3C126001C7799 /* elephant.mp3 */ = {isa = PBXFileReference; lastKnownFileType = audio.mp3; path = elephant.mp3; sourceTree = "<group>"; };
		EA82BF251CA3C126001C7799 /* goat.mp3 */ = {isa = PBXFileReference; lastKnownFileType = audio.mp3; path = goat.mp3; sourceTree = "<group>"; };
		EA82BF351CA3C1FB001C7799 /* bass1.mp3 */ = {isa = PBXFileReference; lastKnownFileType = audio.mp3; path = bass1.mp3; sourceTree = "<group>"; };
		EA82BF361CA3C1FB001C7799 /* bass2.mp3 */ = {isa = PBXFileReference; lastKnownFileType = audio.mp3; path = bass2.mp3; sourceTree = "<group>"; };
		EA82BF371CA3C1FB001C7799 /* bass3.mp3 */ = {isa = PBXFileReference; lastKnownFileType = audio.mp3; path = bass3.mp3; sourceTree = "<group>"; };
		EA82BF381CA3C1FB001C7799 /* cymbal.mp3 */ = {isa = PBXFileReference; lastKnownFileType = audio.mp3; path = cymbal.mp3; sourceTree = "<group>"; };
		EA82BF391CA3C1FB001C7799 /* snare.mp3 */ = {isa = PBXFileReference; lastKnownFileType = audio.mp3; path = snare.mp3; sourceTree = "<group>"; };
		EA82BF3A1CA3C1FB001C7799 /* tom.mp3 */ = {isa = PBXFileReference; lastKnownFileType = audio.mp3; path = tom.mp3; sourceTree = "<group>"; };
		EA82BF3B1CA3C1FB001C7799 /* guitar1.mp3 */ = {isa = PBXFileReference; lastKnownFileType = audio.mp3; path = guitar1.mp3; sourceTree = "<group>"; };
		EA82BF3C1CA3C1FB001C7799 /* guitar2.mp3 */ = {isa = PBXFileReference; lastKnownFileType = audio.mp3; path = guitar2.mp3; sourceTree = "<group>"; };
		EA82BF3D1CA3C1FB001C7799 /* guitar3.mp3 */ = {isa = PBXFileReference; lastKnownFileType = audio.mp3; path = guitar3.mp3; sourceTree = "<group>"; };
		EA82BF3E1CA3C1FB001C7799 /* piano1.mp3 */ = {isa = PBXFileReference; lastKnownFileType = audio.mp3; path = piano1.mp3; sourceTree = "<group>"; };
		EA82BF3F1CA3C1FB001C7799 /* piano2.mp3 */ = {isa = PBXFileReference; lastKnownFileType = audio.mp3; path = piano2.mp3; sourceTree = "<group>"; };
		EA82BF401CA3C1FB001C7799 /* piano3.mp3 */ = {isa = PBXFileReference; lastKnownFileType = audio.mp3; path = piano3.mp3; sourceTree = "<group>"; };
		EA93B2571BF1CC70003BE7D8 /* AVFoundation.framework */ = {isa = PBXFileReference; lastKnownFileType = wrapper.framework; name = AVFoundation.framework; path = System/Library/Frameworks/AVFoundation.framework; sourceTree = SDKROOT; };
		EA93B2591BF1E346003BE7D8 /* AVPlayerView.swift */ = {isa = PBXFileReference; fileEncoding = 4; lastKnownFileType = sourcecode.swift; path = AVPlayerView.swift; sourceTree = "<group>"; };
		EABB328D21C0D0520006F31C /* SwiftyCam.framework */ = {isa = PBXFileReference; lastKnownFileType = wrapper.framework; name = SwiftyCam.framework; path = Carthage/Build/iOS/SwiftyCam.framework; sourceTree = SOURCE_ROOT; };
		EAC5F0681CA517250044B14E /* Playable.swift */ = {isa = PBXFileReference; fileEncoding = 4; lastKnownFileType = sourcecode.swift; path = Playable.swift; sourceTree = "<group>"; };
		EAD4FE4521C336120011B3D9 /* en */ = {isa = PBXFileReference; lastKnownFileType = text.plist.strings; name = en; path = en.lproj/Info.plist.strings; sourceTree = "<group>"; };
		EAD4FE4721C336170011B3D9 /* ja */ = {isa = PBXFileReference; lastKnownFileType = text.plist.strings; name = ja; path = ja.lproj/Info.plist.strings; sourceTree = "<group>"; };
		EAD4FE4821C3529D0011B3D9 /* zh-Hans */ = {isa = PBXFileReference; lastKnownFileType = text.plist.strings; name = "zh-Hans"; path = "zh-Hans.lproj/Main.strings"; sourceTree = "<group>"; };
		EAD4FE4921C3529D0011B3D9 /* zh-Hans */ = {isa = PBXFileReference; lastKnownFileType = text.plist.strings; name = "zh-Hans"; path = "zh-Hans.lproj/LaunchScreen.strings"; sourceTree = "<group>"; };
		EAD4FE4A21C3529E0011B3D9 /* zh-Hans */ = {isa = PBXFileReference; lastKnownFileType = text.plist.strings; name = "zh-Hans"; path = "zh-Hans.lproj/Info.plist.strings"; sourceTree = "<group>"; };
		EAD4FE4B21C3529E0011B3D9 /* zh-Hans */ = {isa = PBXFileReference; lastKnownFileType = text.plist.strings; name = "zh-Hans"; path = "zh-Hans.lproj/Localizable.strings"; sourceTree = "<group>"; };
		EAD4FE4C21C352C00011B3D9 /* zh-Hant */ = {isa = PBXFileReference; lastKnownFileType = text.plist.strings; name = "zh-Hant"; path = "zh-Hant.lproj/Main.strings"; sourceTree = "<group>"; };
		EAD4FE4D21C352C00011B3D9 /* zh-Hant */ = {isa = PBXFileReference; lastKnownFileType = text.plist.strings; name = "zh-Hant"; path = "zh-Hant.lproj/LaunchScreen.strings"; sourceTree = "<group>"; };
		EAD4FE4E21C352C00011B3D9 /* zh-Hant */ = {isa = PBXFileReference; lastKnownFileType = text.plist.strings; name = "zh-Hant"; path = "zh-Hant.lproj/Info.plist.strings"; sourceTree = "<group>"; };
		EAD4FE4F21C352C00011B3D9 /* zh-Hant */ = {isa = PBXFileReference; lastKnownFileType = text.plist.strings; name = "zh-Hant"; path = "zh-Hant.lproj/Localizable.strings"; sourceTree = "<group>"; };
		EAFEDC0F1CA25AEF00E3B7D2 /* Rotation.xib */ = {isa = PBXFileReference; fileEncoding = 4; lastKnownFileType = file.xib; path = Rotation.xib; sourceTree = "<group>"; };
		EAFEDC111CA25B1700E3B7D2 /* Rotation.swift */ = {isa = PBXFileReference; fileEncoding = 4; lastKnownFileType = sourcecode.swift; path = Rotation.swift; sourceTree = "<group>"; };
		EAFEDC131CA25B2D00E3B7D2 /* Particle.xib */ = {isa = PBXFileReference; fileEncoding = 4; lastKnownFileType = file.xib; path = Particle.xib; sourceTree = "<group>"; };
		EAFEDC151CA25B3A00E3B7D2 /* Particle.swift */ = {isa = PBXFileReference; fileEncoding = 4; lastKnownFileType = sourcecode.swift; path = Particle.swift; sourceTree = "<group>"; };
		EAFEDC171CA25B5400E3B7D2 /* Move.xib */ = {isa = PBXFileReference; fileEncoding = 4; lastKnownFileType = file.xib; path = Move.xib; sourceTree = "<group>"; };
		EAFEDC191CA25B6500E3B7D2 /* Move.swift */ = {isa = PBXFileReference; fileEncoding = 4; lastKnownFileType = sourcecode.swift; path = Move.swift; sourceTree = "<group>"; };
		EAFEDC1B1CA25B7500E3B7D2 /* Bubble.xib */ = {isa = PBXFileReference; fileEncoding = 4; lastKnownFileType = file.xib; path = Bubble.xib; sourceTree = "<group>"; };
		EAFEDC1D1CA25B8200E3B7D2 /* Bubble.swift */ = {isa = PBXFileReference; fileEncoding = 4; lastKnownFileType = sourcecode.swift; path = Bubble.swift; sourceTree = "<group>"; };
		EAFEDC1F1CA25B8E00E3B7D2 /* Sound.xib */ = {isa = PBXFileReference; fileEncoding = 4; lastKnownFileType = file.xib; path = Sound.xib; sourceTree = "<group>"; };
		EAFEDC211CA25B9A00E3B7D2 /* Sound.swift */ = {isa = PBXFileReference; fileEncoding = 4; lastKnownFileType = sourcecode.swift; path = Sound.swift; sourceTree = "<group>"; };
/* End PBXFileReference section */

/* Begin PBXFrameworksBuildPhase section */
		50E176EC1BE3CA4A009CA822 /* Frameworks */ = {
			isa = PBXFrameworksBuildPhase;
			buildActionMask = 2147483647;
			files = (
				EABB328E21C0D0520006F31C /* SwiftyCam.framework in Frameworks */,
				EA4A5ED01FA084FE004E33AC /* GoogleMobileAds.framework in Frameworks */,
				EA4A5ECC1FA0840D004E33AC /* SystemConfiguration.framework in Frameworks */,
				EA4A5ECA1FA08402004E33AC /* StoreKit.framework in Frameworks */,
				EA4A5EC81FA083F6004E33AC /* MessageUI.framework in Frameworks */,
				EA4A5EC41FA083D7004E33AC /* EventKitUI.framework in Frameworks */,
				EA4A5EC21FA083CB004E33AC /* EventKit.framework in Frameworks */,
				EA4A5EC01FA083BC004E33AC /* CoreTelephony.framework in Frameworks */,
				EA4A5EBE1FA083AE004E33AC /* CoreMedia.framework in Frameworks */,
				EA4A5EBC1FA083A1004E33AC /* CoreGraphics.framework in Frameworks */,
				EA4A5EBA1FA08391004E33AC /* AudioToolbox.framework in Frameworks */,
				EA4A5EB81FA08380004E33AC /* AdSupport.framework in Frameworks */,
				EA93B2581BF1CC70003BE7D8 /* AVFoundation.framework in Frameworks */,
				50D99C321DAA214D00D8A3E4 /* Bolts.framework in Frameworks */,
			);
			runOnlyForDeploymentPostprocessing = 0;
		};
		50E177001BE3CA4A009CA822 /* Frameworks */ = {
			isa = PBXFrameworksBuildPhase;
			buildActionMask = 2147483647;
			files = (
			);
			runOnlyForDeploymentPostprocessing = 0;
		};
		50E1770B1BE3CA4A009CA822 /* Frameworks */ = {
			isa = PBXFrameworksBuildPhase;
			buildActionMask = 2147483647;
			files = (
			);
			runOnlyForDeploymentPostprocessing = 0;
		};
/* End PBXFrameworksBuildPhase section */

/* Begin PBXGroup section */
		504AC4D21BF6D2A500867F32 /* Frameworks */ = {
			isa = PBXGroup;
			children = (
				EABB328D21C0D0520006F31C /* SwiftyCam.framework */,
				EA4A5ECD1FA0842B004E33AC /* GoogleMobileAds.framework */,
				EA4A5ECB1FA0840A004E33AC /* SystemConfiguration.framework */,
				EA4A5EC91FA083FE004E33AC /* StoreKit.framework */,
				EA4A5EC71FA083F2004E33AC /* MessageUI.framework */,
				EA4A5EC51FA083E1004E33AC /* Messages.framework */,
				EA4A5EC31FA083D3004E33AC /* EventKitUI.framework */,
				EA4A5EC11FA083C6004E33AC /* EventKit.framework */,
				EA4A5EBF1FA083B7004E33AC /* CoreTelephony.framework */,
				EA4A5EBD1FA083A9004E33AC /* CoreMedia.framework */,
				EA4A5EBB1FA0839C004E33AC /* CoreGraphics.framework */,
				EA4A5EB91FA0838A004E33AC /* AudioToolbox.framework */,
				EA4A5EB71FA08373004E33AC /* AdSupport.framework */,
				50D99C311DAA214D00D8A3E4 /* Bolts.framework */,
				EA93B2571BF1CC70003BE7D8 /* AVFoundation.framework */,
			);
			name = Frameworks;
			path = babyCame;
			sourceTree = "<group>";
		};
		50E176E61BE3CA4A009CA822 = {
			isa = PBXGroup;
			children = (
				50E176F11BE3CA4A009CA822 /* babyCame */,
				504AC4D21BF6D2A500867F32 /* Frameworks */,
				50E177061BE3CA4A009CA822 /* babyCameTests */,
				50E177111BE3CA4A009CA822 /* babyCameUITests */,
				50E176F01BE3CA4A009CA822 /* Products */,
			);
			sourceTree = "<group>";
		};
		50E176F01BE3CA4A009CA822 /* Products */ = {
			isa = PBXGroup;
			children = (
				50E176EF1BE3CA4A009CA822 /* babyCame.app */,
				50E177031BE3CA4A009CA822 /* babyCameTests.xctest */,
				50E1770E1BE3CA4A009CA822 /* babyCameUITests.xctest */,
			);
			name = Products;
			sourceTree = "<group>";
		};
		50E176F11BE3CA4A009CA822 /* babyCame */ = {
			isa = PBXGroup;
			children = (
				EAFBAC711BF33A1000816E40 /* Classes */,
				EA93B24E1BF1B7CD003BE7D8 /* Games */,
				50E176F61BE3CA4A009CA822 /* Main.storyboard */,
				EA82BF141CA3B95A001C7799 /* LaunchScreen.storyboard */,
				50E176F91BE3CA4A009CA822 /* Assets.xcassets */,
				EA4A5ECF1FA084FE004E33AC /* GoogleMobileAds.framework */,
				50E176FE1BE3CA4A009CA822 /* Info.plist */,
				5047FA4C1DA7E23000123AC6 /* GoogleService-Info.plist */,
				EAD4FE4621C336120011B3D9 /* Info.plist.strings */,
				50F81AA71DA8696D0068B467 /* Localizable.strings */,
			);
			path = babyCame;
			sourceTree = "<group>";
		};
		50E177061BE3CA4A009CA822 /* babyCameTests */ = {
			isa = PBXGroup;
			children = (
				50E177071BE3CA4A009CA822 /* babyCameTests.swift */,
				50E177091BE3CA4A009CA822 /* Info.plist */,
			);
			path = babyCameTests;
			sourceTree = "<group>";
		};
		50E177111BE3CA4A009CA822 /* babyCameUITests */ = {
			isa = PBXGroup;
			children = (
				50E177121BE3CA4A009CA822 /* babyCameUITests.swift */,
				50E177141BE3CA4A009CA822 /* Info.plist */,
			);
			path = babyCameUITests;
			sourceTree = "<group>";
		};
		50E177201BE46E8D009CA822 /* Models */ = {
			isa = PBXGroup;
			children = (
				505C89461BEDBB5200F905A1 /* GameCenter.swift */,
				EAC5F0681CA517250044B14E /* Playable.swift */,
				EA084BC021BFAF1E003A4B0B /* Preferences.swift */,
			);
			name = Models;
			sourceTree = "<group>";
		};
		50E177211BE46E96009CA822 /* Views */ = {
			isa = PBXGroup;
			children = (
				50E177231BE474E7009CA822 /* GameScreenShotCollectionViewCell.swift */,
				EA93B2591BF1E346003BE7D8 /* AVPlayerView.swift */,
			);
			name = Views;
			sourceTree = "<group>";
		};
		50E177221BE46E9A009CA822 /* Controllers */ = {
			isa = PBXGroup;
			children = (
				50E176F21BE3CA4A009CA822 /* AppDelegate.swift */,
				50E176F41BE3CA4A009CA822 /* ViewController.swift */,
				50E177291BE4A8D2009CA822 /* GamePreViewController.swift */,
				505C89401BED9F9F00F905A1 /* GameViewController.swift */,
				505C89421BEDA6C500F905A1 /* MoviePreViewController.swift */,
				EA084BBE21BFAAA7003A4B0B /* SettingViewController.swift */,
			);
			name = Controllers;
			sourceTree = "<group>";
		};
		EA93B24E1BF1B7CD003BE7D8 /* Games */ = {
			isa = PBXGroup;
			children = (
				EA93B24F1BF1B827003BE7D8 /* Expansion */,
				EA93B2501BF1B85E003BE7D8 /* Rotation */,
				EA93B2531BF1B8AD003BE7D8 /* Particle */,
				EA93B2521BF1B87C003BE7D8 /* Move */,
				EA93B2541BF1B8BA003BE7D8 /* Bubble */,
				EA93B2511BF1B874003BE7D8 /* Sound */,
			);
			name = Games;
			sourceTree = "<group>";
		};
		EA93B24F1BF1B827003BE7D8 /* Expansion */ = {
			isa = PBXGroup;
			children = (
				505C89441BEDB5E000F905A1 /* Expansion.xib */,
				505C89481BEDBFD800F905A1 /* Expansion.swift */,
				EA82BF211CA3C126001C7799 /* cat.mp3 */,
				EA82BF221CA3C126001C7799 /* chicken.mp3 */,
				EA82BF231CA3C126001C7799 /* dog.mp3 */,
				EA82BF241CA3C126001C7799 /* elephant.mp3 */,
				EA82BF251CA3C126001C7799 /* goat.mp3 */,
			);
			name = Expansion;
			sourceTree = "<group>";
		};
		EA93B2501BF1B85E003BE7D8 /* Rotation */ = {
			isa = PBXGroup;
			children = (
				EAFEDC0F1CA25AEF00E3B7D2 /* Rotation.xib */,
				EAFEDC111CA25B1700E3B7D2 /* Rotation.swift */,
			);
			name = Rotation;
			sourceTree = "<group>";
		};
		EA93B2511BF1B874003BE7D8 /* Sound */ = {
			isa = PBXGroup;
			children = (
				EAFEDC1F1CA25B8E00E3B7D2 /* Sound.xib */,
				EAFEDC211CA25B9A00E3B7D2 /* Sound.swift */,
				EA82BF351CA3C1FB001C7799 /* bass1.mp3 */,
				EA82BF361CA3C1FB001C7799 /* bass2.mp3 */,
				EA82BF371CA3C1FB001C7799 /* bass3.mp3 */,
				EA82BF381CA3C1FB001C7799 /* cymbal.mp3 */,
				EA82BF391CA3C1FB001C7799 /* snare.mp3 */,
				EA82BF3A1CA3C1FB001C7799 /* tom.mp3 */,
				EA82BF3B1CA3C1FB001C7799 /* guitar1.mp3 */,
				EA82BF3C1CA3C1FB001C7799 /* guitar2.mp3 */,
				EA82BF3D1CA3C1FB001C7799 /* guitar3.mp3 */,
				EA82BF3E1CA3C1FB001C7799 /* piano1.mp3 */,
				EA82BF3F1CA3C1FB001C7799 /* piano2.mp3 */,
				EA82BF401CA3C1FB001C7799 /* piano3.mp3 */,
			);
			name = Sound;
			sourceTree = "<group>";
		};
		EA93B2521BF1B87C003BE7D8 /* Move */ = {
			isa = PBXGroup;
			children = (
				50DF931E1CA5821000DE7CBE /* car.mp3 */,
				50DF93241CA5822D00DE7CBE /* bicycle.mp3 */,
				50DF931F1CA5821000DE7CBE /* patrol.mp3 */,
				50DF93201CA5821000DE7CBE /* siren.mp3 */,
				50DF931C1CA5807300DE7CBE /* bike.mp3 */,
				EAFEDC171CA25B5400E3B7D2 /* Move.xib */,
				EAFEDC191CA25B6500E3B7D2 /* Move.swift */,
			);
			name = Move;
			sourceTree = "<group>";
		};
		EA93B2531BF1B8AD003BE7D8 /* Particle */ = {
			isa = PBXGroup;
			children = (
				EAFEDC131CA25B2D00E3B7D2 /* Particle.xib */,
				EAFEDC151CA25B3A00E3B7D2 /* Particle.swift */,
				50F7F0E61CA4A0EF0022F0CE /* ParticleScene.swift */,
				50F7F0E21CA49BC40022F0CE /* IPParticle.sks */,
				50F7F0E31CA49BC40022F0CE /* spark.png */,
				EA82BF1F1CA3C0A1001C7799 /* fireworks.mp3 */,
			);
			name = Particle;
			sourceTree = "<group>";
		};
		EA93B2541BF1B8BA003BE7D8 /* Bubble */ = {
			isa = PBXGroup;
			children = (
				EA82BF1D1CA3C010001C7799 /* bubble.mp3 */,
				EAFEDC1B1CA25B7500E3B7D2 /* Bubble.xib */,
				EAFEDC1D1CA25B8200E3B7D2 /* Bubble.swift */,
			);
			name = Bubble;
			sourceTree = "<group>";
		};
		EAFBAC711BF33A1000816E40 /* Classes */ = {
			isa = PBXGroup;
			children = (
				50E177201BE46E8D009CA822 /* Models */,
				50E177211BE46E96009CA822 /* Views */,
				50E177221BE46E9A009CA822 /* Controllers */,
			);
			name = Classes;
			sourceTree = "<group>";
		};
/* End PBXGroup section */

/* Begin PBXNativeTarget section */
		50E176EE1BE3CA4A009CA822 /* babyCame */ = {
			isa = PBXNativeTarget;
			buildConfigurationList = 50E177171BE3CA4A009CA822 /* Build configuration list for PBXNativeTarget "babyCame" */;
			buildPhases = (
				50E176EB1BE3CA4A009CA822 /* Sources */,
				50E176EC1BE3CA4A009CA822 /* Frameworks */,
				50E176ED1BE3CA4A009CA822 /* Resources */,
				EABB328C21C0CFD10006F31C /* ShellScript */,
			);
			buildRules = (
			);
			dependencies = (
			);
			name = babyCame;
			productName = babyCame;
			productReference = 50E176EF1BE3CA4A009CA822 /* babyCame.app */;
			productType = "com.apple.product-type.application";
		};
		50E177021BE3CA4A009CA822 /* babyCameTests */ = {
			isa = PBXNativeTarget;
			buildConfigurationList = 50E1771A1BE3CA4A009CA822 /* Build configuration list for PBXNativeTarget "babyCameTests" */;
			buildPhases = (
				50E176FF1BE3CA4A009CA822 /* Sources */,
				50E177001BE3CA4A009CA822 /* Frameworks */,
				50E177011BE3CA4A009CA822 /* Resources */,
			);
			buildRules = (
			);
			dependencies = (
				50E177051BE3CA4A009CA822 /* PBXTargetDependency */,
			);
			name = babyCameTests;
			productName = babyCameTests;
			productReference = 50E177031BE3CA4A009CA822 /* babyCameTests.xctest */;
			productType = "com.apple.product-type.bundle.unit-test";
		};
		50E1770D1BE3CA4A009CA822 /* babyCameUITests */ = {
			isa = PBXNativeTarget;
			buildConfigurationList = 50E1771D1BE3CA4A009CA822 /* Build configuration list for PBXNativeTarget "babyCameUITests" */;
			buildPhases = (
				50E1770A1BE3CA4A009CA822 /* Sources */,
				50E1770B1BE3CA4A009CA822 /* Frameworks */,
				50E1770C1BE3CA4A009CA822 /* Resources */,
			);
			buildRules = (
			);
			dependencies = (
				50E177101BE3CA4A009CA822 /* PBXTargetDependency */,
			);
			name = babyCameUITests;
			productName = babyCameUITests;
			productReference = 50E1770E1BE3CA4A009CA822 /* babyCameUITests.xctest */;
			productType = "com.apple.product-type.bundle.ui-testing";
		};
/* End PBXNativeTarget section */

/* Begin PBXProject section */
		50E176E71BE3CA4A009CA822 /* Project object */ = {
			isa = PBXProject;
			attributes = {
				LastSwiftUpdateCheck = 0710;
				LastUpgradeCheck = 1010;
				ORGANIZATIONNAME = taro;
				TargetAttributes = {
					50E176EE1BE3CA4A009CA822 = {
						CreatedOnToolsVersion = 7.1;
						DevelopmentTeam = 8642FHK38M;
						LastSwiftMigration = 0900;
						ProvisioningStyle = Automatic;
					};
					50E177021BE3CA4A009CA822 = {
						CreatedOnToolsVersion = 7.1;
						LastSwiftMigration = 0900;
						TestTargetID = 50E176EE1BE3CA4A009CA822;
					};
					50E1770D1BE3CA4A009CA822 = {
						CreatedOnToolsVersion = 7.1;
						LastSwiftMigration = 0900;
						TestTargetID = 50E176EE1BE3CA4A009CA822;
					};
				};
			};
			buildConfigurationList = 50E176EA1BE3CA4A009CA822 /* Build configuration list for PBXProject "babyCame" */;
			compatibilityVersion = "Xcode 3.2";
			developmentRegion = English;
			hasScannedForEncodings = 0;
			knownRegions = (
				en,
				Base,
				ja,
				"zh-Hans",
				"zh-Hant",
			);
			mainGroup = 50E176E61BE3CA4A009CA822;
			productRefGroup = 50E176F01BE3CA4A009CA822 /* Products */;
			projectDirPath = "";
			projectRoot = "";
			targets = (
				50E176EE1BE3CA4A009CA822 /* babyCame */,
				50E177021BE3CA4A009CA822 /* babyCameTests */,
				50E1770D1BE3CA4A009CA822 /* babyCameUITests */,
			);
		};
/* End PBXProject section */

/* Begin PBXResourcesBuildPhase section */
		50E176ED1BE3CA4A009CA822 /* Resources */ = {
			isa = PBXResourcesBuildPhase;
			buildActionMask = 2147483647;
			files = (
				EA82BF161CA3B95A001C7799 /* LaunchScreen.storyboard in Resources */,
				50F7F0E51CA49BC40022F0CE /* spark.png in Resources */,
				EA82BF471CA3C1FB001C7799 /* guitar1.mp3 in Resources */,
				EA82BF1E1CA3C010001C7799 /* bubble.mp3 in Resources */,
				EA82BF421CA3C1FB001C7799 /* bass2.mp3 in Resources */,
				EA82BF461CA3C1FB001C7799 /* tom.mp3 in Resources */,
				5047FA4D1DA7E23000123AC6 /* GoogleService-Info.plist in Resources */,
				EA82BF451CA3C1FB001C7799 /* snare.mp3 in Resources */,
				505C89451BEDB5E000F905A1 /* Expansion.xib in Resources */,
				50DF93251CA5822D00DE7CBE /* bicycle.mp3 in Resources */,
				EA82BF4A1CA3C1FB001C7799 /* piano1.mp3 in Resources */,
				50DF93211CA5821000DE7CBE /* car.mp3 in Resources */,
				EA82BF201CA3C0A1001C7799 /* fireworks.mp3 in Resources */,
				EA82BF4C1CA3C1FB001C7799 /* piano3.mp3 in Resources */,
				EA82BF2A1CA3C126001C7799 /* goat.mp3 in Resources */,
				50DF93231CA5821000DE7CBE /* siren.mp3 in Resources */,
				EAD4FE4421C336120011B3D9 /* Info.plist.strings in Resources */,
				EA82BF491CA3C1FB001C7799 /* guitar3.mp3 in Resources */,
				EAFEDC181CA25B5400E3B7D2 /* Move.xib in Resources */,
				EA82BF281CA3C126001C7799 /* dog.mp3 in Resources */,
				EAFEDC101CA25AEF00E3B7D2 /* Rotation.xib in Resources */,
				EA82BF481CA3C1FB001C7799 /* guitar2.mp3 in Resources */,
				EA82BF441CA3C1FB001C7799 /* cymbal.mp3 in Resources */,
				EA82BF4B1CA3C1FB001C7799 /* piano2.mp3 in Resources */,
				EA82BF431CA3C1FB001C7799 /* bass3.mp3 in Resources */,
				EA82BF261CA3C126001C7799 /* cat.mp3 in Resources */,
				50F7F0E41CA49BC40022F0CE /* IPParticle.sks in Resources */,
				50E176FA1BE3CA4A009CA822 /* Assets.xcassets in Resources */,
				50E176F81BE3CA4A009CA822 /* Main.storyboard in Resources */,
				EA82BF291CA3C126001C7799 /* elephant.mp3 in Resources */,
				50DF931D1CA5807300DE7CBE /* bike.mp3 in Resources */,
				EA82BF411CA3C1FB001C7799 /* bass1.mp3 in Resources */,
				EA82BF271CA3C126001C7799 /* chicken.mp3 in Resources */,
				EAFEDC141CA25B2D00E3B7D2 /* Particle.xib in Resources */,
				EAFEDC1C1CA25B7500E3B7D2 /* Bubble.xib in Resources */,
				50F81AA51DA8696D0068B467 /* Localizable.strings in Resources */,
				50DF93221CA5821000DE7CBE /* patrol.mp3 in Resources */,
				EAFEDC201CA25B8E00E3B7D2 /* Sound.xib in Resources */,
			);
			runOnlyForDeploymentPostprocessing = 0;
		};
		50E177011BE3CA4A009CA822 /* Resources */ = {
			isa = PBXResourcesBuildPhase;
			buildActionMask = 2147483647;
			files = (
			);
			runOnlyForDeploymentPostprocessing = 0;
		};
		50E1770C1BE3CA4A009CA822 /* Resources */ = {
			isa = PBXResourcesBuildPhase;
			buildActionMask = 2147483647;
			files = (
			);
			runOnlyForDeploymentPostprocessing = 0;
		};
/* End PBXResourcesBuildPhase section */

/* Begin PBXShellScriptBuildPhase section */
		EABB328C21C0CFD10006F31C /* ShellScript */ = {
			isa = PBXShellScriptBuildPhase;
			buildActionMask = 2147483647;
			files = (
			);
			inputFileListPaths = (
			);
			inputPaths = (
				"$(SRCROOT)/Carthage/Build/iOS/SwiftyCam.framework",
			);
			outputFileListPaths = (
			);
			outputPaths = (
			);
			runOnlyForDeploymentPostprocessing = 0;
			shellPath = /bin/sh;
			shellScript = "# Type a script or drag a script file from your workspace to insert its path.\n/usr/local/bin/carthage copy-frameworks\n";
		};
/* End PBXShellScriptBuildPhase section */

/* Begin PBXSourcesBuildPhase section */
		50E176EB1BE3CA4A009CA822 /* Sources */ = {
			isa = PBXSourcesBuildPhase;
			buildActionMask = 2147483647;
			files = (
				50F7F0E71CA4A0EF0022F0CE /* ParticleScene.swift in Sources */,
				505C89411BED9F9F00F905A1 /* GameViewController.swift in Sources */,
				EAFEDC161CA25B3A00E3B7D2 /* Particle.swift in Sources */,
				505C89431BEDA6C500F905A1 /* MoviePreViewController.swift in Sources */,
				EAFEDC1A1CA25B6500E3B7D2 /* Move.swift in Sources */,
				EA084BBF21BFAAA7003A4B0B /* SettingViewController.swift in Sources */,
				50E1772A1BE4A8D2009CA822 /* GamePreViewController.swift in Sources */,
				50E176F51BE3CA4A009CA822 /* ViewController.swift in Sources */,
				EA084BC121BFAF1E003A4B0B /* Preferences.swift in Sources */,
				EAFEDC121CA25B1700E3B7D2 /* Rotation.swift in Sources */,
				50E176F31BE3CA4A009CA822 /* AppDelegate.swift in Sources */,
				EAC5F0691CA517260044B14E /* Playable.swift in Sources */,
				505C89471BEDBB5200F905A1 /* GameCenter.swift in Sources */,
				EA93B25A1BF1E346003BE7D8 /* AVPlayerView.swift in Sources */,
				EAFEDC221CA25B9A00E3B7D2 /* Sound.swift in Sources */,
				505C89491BEDBFD800F905A1 /* Expansion.swift in Sources */,
				EAFEDC1E1CA25B8200E3B7D2 /* Bubble.swift in Sources */,
				50E177241BE474E7009CA822 /* GameScreenShotCollectionViewCell.swift in Sources */,
			);
			runOnlyForDeploymentPostprocessing = 0;
		};
		50E176FF1BE3CA4A009CA822 /* Sources */ = {
			isa = PBXSourcesBuildPhase;
			buildActionMask = 2147483647;
			files = (
				50E177081BE3CA4A009CA822 /* babyCameTests.swift in Sources */,
			);
			runOnlyForDeploymentPostprocessing = 0;
		};
		50E1770A1BE3CA4A009CA822 /* Sources */ = {
			isa = PBXSourcesBuildPhase;
			buildActionMask = 2147483647;
			files = (
				50E177131BE3CA4A009CA822 /* babyCameUITests.swift in Sources */,
			);
			runOnlyForDeploymentPostprocessing = 0;
		};
/* End PBXSourcesBuildPhase section */

/* Begin PBXTargetDependency section */
		50E177051BE3CA4A009CA822 /* PBXTargetDependency */ = {
			isa = PBXTargetDependency;
			target = 50E176EE1BE3CA4A009CA822 /* babyCame */;
			targetProxy = 50E177041BE3CA4A009CA822 /* PBXContainerItemProxy */;
		};
		50E177101BE3CA4A009CA822 /* PBXTargetDependency */ = {
			isa = PBXTargetDependency;
			target = 50E176EE1BE3CA4A009CA822 /* babyCame */;
			targetProxy = 50E1770F1BE3CA4A009CA822 /* PBXContainerItemProxy */;
		};
/* End PBXTargetDependency section */

/* Begin PBXVariantGroup section */
		50E176F61BE3CA4A009CA822 /* Main.storyboard */ = {
			isa = PBXVariantGroup;
			children = (
				50E176F71BE3CA4A009CA822 /* Base */,
				50E46D3C1DA8879F001E32B3 /* en */,
				50E46D3D1DA8B638001E32B3 /* ja */,
				EAD4FE4821C3529D0011B3D9 /* zh-Hans */,
				EAD4FE4C21C352C00011B3D9 /* zh-Hant */,
			);
			name = Main.storyboard;
			sourceTree = "<group>";
		};
		50F81AA71DA8696D0068B467 /* Localizable.strings */ = {
			isa = PBXVariantGroup;
			children = (
				50F81AA61DA8696D0068B467 /* Base */,
				50F81AAA1DA86A960068B467 /* en */,
				50E46D3F1DA8B638001E32B3 /* ja */,
				EAD4FE4B21C3529E0011B3D9 /* zh-Hans */,
				EAD4FE4F21C352C00011B3D9 /* zh-Hant */,
			);
			name = Localizable.strings;
			sourceTree = "<group>";
		};
		EA82BF141CA3B95A001C7799 /* LaunchScreen.storyboard */ = {
			isa = PBXVariantGroup;
			children = (
				EA82BF151CA3B95A001C7799 /* Base */,
				50E46D3E1DA8B638001E32B3 /* ja */,
				EAD4FE4921C3529D0011B3D9 /* zh-Hans */,
				EAD4FE4D21C352C00011B3D9 /* zh-Hant */,
			);
			name = LaunchScreen.storyboard;
			sourceTree = "<group>";
		};
		EAD4FE4621C336120011B3D9 /* Info.plist.strings */ = {
			isa = PBXVariantGroup;
			children = (
				EAD4FE4521C336120011B3D9 /* en */,
				EAD4FE4721C336170011B3D9 /* ja */,
				EAD4FE4A21C3529E0011B3D9 /* zh-Hans */,
				EAD4FE4E21C352C00011B3D9 /* zh-Hant */,
			);
			name = Info.plist.strings;
			sourceTree = "<group>";
		};
/* End PBXVariantGroup section */

/* Begin XCBuildConfiguration section */
		50E177151BE3CA4A009CA822 /* Debug */ = {
			isa = XCBuildConfiguration;
			buildSettings = {
				ALWAYS_SEARCH_USER_PATHS = NO;
				CLANG_ANALYZER_LOCALIZABILITY_NONLOCALIZED = YES;
				CLANG_CXX_LANGUAGE_STANDARD = "gnu++0x";
				CLANG_CXX_LIBRARY = "libc++";
				CLANG_ENABLE_MODULES = YES;
				CLANG_ENABLE_OBJC_ARC = YES;
				CLANG_WARN_BLOCK_CAPTURE_AUTORELEASING = YES;
				CLANG_WARN_BOOL_CONVERSION = YES;
				CLANG_WARN_COMMA = YES;
				CLANG_WARN_CONSTANT_CONVERSION = YES;
				CLANG_WARN_DEPRECATED_OBJC_IMPLEMENTATIONS = YES;
				CLANG_WARN_DIRECT_OBJC_ISA_USAGE = YES_ERROR;
				CLANG_WARN_EMPTY_BODY = YES;
				CLANG_WARN_ENUM_CONVERSION = YES;
				CLANG_WARN_INFINITE_RECURSION = YES;
				CLANG_WARN_INT_CONVERSION = YES;
				CLANG_WARN_NON_LITERAL_NULL_CONVERSION = YES;
				CLANG_WARN_OBJC_IMPLICIT_RETAIN_SELF = YES;
				CLANG_WARN_OBJC_LITERAL_CONVERSION = YES;
				CLANG_WARN_OBJC_ROOT_CLASS = YES_ERROR;
				CLANG_WARN_RANGE_LOOP_ANALYSIS = YES;
				CLANG_WARN_STRICT_PROTOTYPES = YES;
				CLANG_WARN_SUSPICIOUS_MOVE = YES;
				CLANG_WARN_UNREACHABLE_CODE = YES;
				CLANG_WARN__DUPLICATE_METHOD_MATCH = YES;
				"CODE_SIGN_IDENTITY[sdk=iphoneos*]" = "iPhone Developer";
				COPY_PHASE_STRIP = NO;
				DEBUG_INFORMATION_FORMAT = dwarf;
				ENABLE_STRICT_OBJC_MSGSEND = YES;
				ENABLE_TESTABILITY = YES;
				GCC_C_LANGUAGE_STANDARD = gnu99;
				GCC_DYNAMIC_NO_PIC = NO;
				GCC_NO_COMMON_BLOCKS = YES;
				GCC_OPTIMIZATION_LEVEL = 0;
				GCC_PREPROCESSOR_DEFINITIONS = (
					"DEBUG=1",
					"$(inherited)",
				);
				GCC_WARN_64_TO_32_BIT_CONVERSION = YES;
				GCC_WARN_ABOUT_RETURN_TYPE = YES_ERROR;
				GCC_WARN_UNDECLARED_SELECTOR = YES;
				GCC_WARN_UNINITIALIZED_AUTOS = YES_AGGRESSIVE;
				GCC_WARN_UNUSED_FUNCTION = YES;
				GCC_WARN_UNUSED_VARIABLE = YES;
				IPHONEOS_DEPLOYMENT_TARGET = 12.0;
				MTL_ENABLE_DEBUG_INFO = YES;
				ONLY_ACTIVE_ARCH = YES;
				SDKROOT = iphoneos;
				SWIFT_OPTIMIZATION_LEVEL = "-Onone";
				TARGETED_DEVICE_FAMILY = "1,2";
			};
			name = Debug;
		};
		50E177161BE3CA4A009CA822 /* Release */ = {
			isa = XCBuildConfiguration;
			buildSettings = {
				ALWAYS_SEARCH_USER_PATHS = NO;
				CLANG_ANALYZER_LOCALIZABILITY_NONLOCALIZED = YES;
				CLANG_CXX_LANGUAGE_STANDARD = "gnu++0x";
				CLANG_CXX_LIBRARY = "libc++";
				CLANG_ENABLE_MODULES = YES;
				CLANG_ENABLE_OBJC_ARC = YES;
				CLANG_WARN_BLOCK_CAPTURE_AUTORELEASING = YES;
				CLANG_WARN_BOOL_CONVERSION = YES;
				CLANG_WARN_COMMA = YES;
				CLANG_WARN_CONSTANT_CONVERSION = YES;
				CLANG_WARN_DEPRECATED_OBJC_IMPLEMENTATIONS = YES;
				CLANG_WARN_DIRECT_OBJC_ISA_USAGE = YES_ERROR;
				CLANG_WARN_EMPTY_BODY = YES;
				CLANG_WARN_ENUM_CONVERSION = YES;
				CLANG_WARN_INFINITE_RECURSION = YES;
				CLANG_WARN_INT_CONVERSION = YES;
				CLANG_WARN_NON_LITERAL_NULL_CONVERSION = YES;
				CLANG_WARN_OBJC_IMPLICIT_RETAIN_SELF = YES;
				CLANG_WARN_OBJC_LITERAL_CONVERSION = YES;
				CLANG_WARN_OBJC_ROOT_CLASS = YES_ERROR;
				CLANG_WARN_RANGE_LOOP_ANALYSIS = YES;
				CLANG_WARN_STRICT_PROTOTYPES = YES;
				CLANG_WARN_SUSPICIOUS_MOVE = YES;
				CLANG_WARN_UNREACHABLE_CODE = YES;
				CLANG_WARN__DUPLICATE_METHOD_MATCH = YES;
				"CODE_SIGN_IDENTITY[sdk=iphoneos*]" = "iPhone Developer";
				COPY_PHASE_STRIP = NO;
				DEBUG_INFORMATION_FORMAT = "dwarf-with-dsym";
				ENABLE_NS_ASSERTIONS = NO;
				ENABLE_STRICT_OBJC_MSGSEND = YES;
				GCC_C_LANGUAGE_STANDARD = gnu99;
				GCC_NO_COMMON_BLOCKS = YES;
				GCC_WARN_64_TO_32_BIT_CONVERSION = YES;
				GCC_WARN_ABOUT_RETURN_TYPE = YES_ERROR;
				GCC_WARN_UNDECLARED_SELECTOR = YES;
				GCC_WARN_UNINITIALIZED_AUTOS = YES_AGGRESSIVE;
				GCC_WARN_UNUSED_FUNCTION = YES;
				GCC_WARN_UNUSED_VARIABLE = YES;
				IPHONEOS_DEPLOYMENT_TARGET = 12.0;
				MTL_ENABLE_DEBUG_INFO = NO;
				SDKROOT = iphoneos;
				SWIFT_COMPILATION_MODE = wholemodule;
				TARGETED_DEVICE_FAMILY = "1,2";
				VALIDATE_PRODUCT = YES;
			};
			name = Release;
		};
		50E177181BE3CA4A009CA822 /* Debug */ = {
			isa = XCBuildConfiguration;
			buildSettings = {
				ASSETCATALOG_COMPILER_APPICON_NAME = AppIcon;
				CLANG_ENABLE_MODULES = YES;
				"CODE_SIGN_IDENTITY[sdk=iphoneos*]" = "iPhone Developer";
				DEVELOPMENT_TEAM = 8642FHK38M;
				FRAMEWORK_SEARCH_PATHS = (
					"$(inherited)",
					"$(PROJECT_DIR)/babyCame",
					"$(PROJECT_DIR)",
					"$(PROJECT_DIR)/Carthage/Build/iOS",
				);
				INFOPLIST_FILE = babyCame/Info.plist;
				IPHONEOS_DEPLOYMENT_TARGET = 12.0;
				LD_RUNPATH_SEARCH_PATHS = "$(inherited) @executable_path/Frameworks";
				PRODUCT_BUNDLE_IDENTIFIER = com.taro.babyCame;
				PRODUCT_NAME = "$(TARGET_NAME)";
				PROVISIONING_PROFILE = "";
				PROVISIONING_PROFILE_SPECIFIER = "";
				SWIFT_OPTIMIZATION_LEVEL = "-Onone";
				SWIFT_SWIFT3_OBJC_INFERENCE = Default;
				SWIFT_VERSION = 4.0;
				TARGETED_DEVICE_FAMILY = "1,2";
			};
			name = Debug;
		};
		50E177191BE3CA4A009CA822 /* Release */ = {
			isa = XCBuildConfiguration;
			buildSettings = {
				ASSETCATALOG_COMPILER_APPICON_NAME = AppIcon;
				CLANG_ENABLE_MODULES = YES;
				"CODE_SIGN_IDENTITY[sdk=iphoneos*]" = "iPhone Developer";
				DEVELOPMENT_TEAM = 8642FHK38M;
				FRAMEWORK_SEARCH_PATHS = (
					"$(inherited)",
					"$(PROJECT_DIR)/babyCame",
					"$(PROJECT_DIR)",
					"$(PROJECT_DIR)/Carthage/Build/iOS",
				);
				INFOPLIST_FILE = babyCame/Info.plist;
				IPHONEOS_DEPLOYMENT_TARGET = 12.0;
				LD_RUNPATH_SEARCH_PATHS = "$(inherited) @executable_path/Frameworks";
				PRODUCT_BUNDLE_IDENTIFIER = com.taro.babyCame;
				PRODUCT_NAME = "$(TARGET_NAME)";
				PROVISIONING_PROFILE = "";
				PROVISIONING_PROFILE_SPECIFIER = "";
				SWIFT_SWIFT3_OBJC_INFERENCE = Default;
				SWIFT_VERSION = 4.0;
				TARGETED_DEVICE_FAMILY = "1,2";
			};
			name = Release;
		};
		50E1771B1BE3CA4A009CA822 /* Debug */ = {
			isa = XCBuildConfiguration;
			buildSettings = {
				BUNDLE_LOADER = "$(TEST_HOST)";
				INFOPLIST_FILE = babyCameTests/Info.plist;
				LD_RUNPATH_SEARCH_PATHS = "$(inherited) @executable_path/Frameworks @loader_path/Frameworks";
				PRODUCT_BUNDLE_IDENTIFIER = com.taro.babyCameTests;
				PRODUCT_NAME = "$(TARGET_NAME)";
				SWIFT_SWIFT3_OBJC_INFERENCE = On;
				SWIFT_VERSION = 4.0;
				TEST_HOST = "$(BUILT_PRODUCTS_DIR)/babyCame.app/babyCame";
			};
			name = Debug;
		};
		50E1771C1BE3CA4A009CA822 /* Release */ = {
			isa = XCBuildConfiguration;
			buildSettings = {
				BUNDLE_LOADER = "$(TEST_HOST)";
				INFOPLIST_FILE = babyCameTests/Info.plist;
				LD_RUNPATH_SEARCH_PATHS = "$(inherited) @executable_path/Frameworks @loader_path/Frameworks";
				PRODUCT_BUNDLE_IDENTIFIER = com.taro.babyCameTests;
				PRODUCT_NAME = "$(TARGET_NAME)";
				SWIFT_SWIFT3_OBJC_INFERENCE = On;
				SWIFT_VERSION = 4.0;
				TEST_HOST = "$(BUILT_PRODUCTS_DIR)/babyCame.app/babyCame";
			};
			name = Release;
		};
		50E1771E1BE3CA4A009CA822 /* Debug */ = {
			isa = XCBuildConfiguration;
			buildSettings = {
				INFOPLIST_FILE = babyCameUITests/Info.plist;
				LD_RUNPATH_SEARCH_PATHS = "$(inherited) @executable_path/Frameworks @loader_path/Frameworks";
				PRODUCT_BUNDLE_IDENTIFIER = com.taro.babyCameUITests;
				PRODUCT_NAME = "$(TARGET_NAME)";
				SWIFT_SWIFT3_OBJC_INFERENCE = On;
				SWIFT_VERSION = 4.0;
				TEST_TARGET_NAME = babyCame;
				USES_XCTRUNNER = YES;
			};
			name = Debug;
		};
		50E1771F1BE3CA4A009CA822 /* Release */ = {
			isa = XCBuildConfiguration;
			buildSettings = {
				INFOPLIST_FILE = babyCameUITests/Info.plist;
				LD_RUNPATH_SEARCH_PATHS = "$(inherited) @executable_path/Frameworks @loader_path/Frameworks";
				PRODUCT_BUNDLE_IDENTIFIER = com.taro.babyCameUITests;
				PRODUCT_NAME = "$(TARGET_NAME)";
				SWIFT_SWIFT3_OBJC_INFERENCE = On;
				SWIFT_VERSION = 4.0;
				TEST_TARGET_NAME = babyCame;
				USES_XCTRUNNER = YES;
			};
			name = Release;
		};
/* End XCBuildConfiguration section */

/* Begin XCConfigurationList section */
		50E176EA1BE3CA4A009CA822 /* Build configuration list for PBXProject "babyCame" */ = {
			isa = XCConfigurationList;
			buildConfigurations = (
				50E177151BE3CA4A009CA822 /* Debug */,
				50E177161BE3CA4A009CA822 /* Release */,
			);
			defaultConfigurationIsVisible = 0;
			defaultConfigurationName = Release;
		};
		50E177171BE3CA4A009CA822 /* Build configuration list for PBXNativeTarget "babyCame" */ = {
			isa = XCConfigurationList;
			buildConfigurations = (
				50E177181BE3CA4A009CA822 /* Debug */,
				50E177191BE3CA4A009CA822 /* Release */,
			);
			defaultConfigurationIsVisible = 0;
			defaultConfigurationName = Release;
		};
		50E1771A1BE3CA4A009CA822 /* Build configuration list for PBXNativeTarget "babyCameTests" */ = {
			isa = XCConfigurationList;
			buildConfigurations = (
				50E1771B1BE3CA4A009CA822 /* Debug */,
				50E1771C1BE3CA4A009CA822 /* Release */,
			);
			defaultConfigurationIsVisible = 0;
			defaultConfigurationName = Release;
		};
		50E1771D1BE3CA4A009CA822 /* Build configuration list for PBXNativeTarget "babyCameUITests" */ = {
			isa = XCConfigurationList;
			buildConfigurations = (
				50E1771E1BE3CA4A009CA822 /* Debug */,
				50E1771F1BE3CA4A009CA822 /* Release */,
			);
			defaultConfigurationIsVisible = 0;
			defaultConfigurationName = Release;
		};
/* End XCConfigurationList section */
	};
	rootObject = 50E176E71BE3CA4A009CA822 /* Project object */;
}
